
Microsoft Visual Studio Solution File, Format Version 12.00
# Visual Studio Version 17
VisualStudioVersion = 17.4.33213.308
MinimumVisualStudioVersion = 10.0.40219.1
Project("{FAE04EC0-301F-11D3-BF4B-00C04F79EFBC}") = "TaskManagerApp", "TaskManagerApp\TaskManagerApp.csproj", "{A41AECBB-1DA6-4570-8846-48E0305443E0}"
EndProject
Global
	GlobalSection(SolutionConfigurationPlatforms) = preSolution
		Debug|Any CPU = Debug|Any CPU
		Release|Any CPU = Release|Any CPU
	EndGlobalSection
	GlobalSection(ProjectConfigurationPlatforms) = postSolution
		{A41AECBB-1DA6-4570-8846-48E0305443E0}.Debug|Any CPU.ActiveCfg = Debug|Any CPU
		{A41AECBB-1DA6-4570-8846-48E0305443E0}.Debug|Any CPU.Build.0 = Debug|Any CPU
		{A41AECBB-1DA6-4570-8846-48E0305443E0}.Release|Any CPU.ActiveCfg = Release|Any CPU
		{A41AECBB-1DA6-4570-8846-48E0305443E0}.Release|Any CPU.Build.0 = Release|Any CPU
	EndGlobalSection
	GlobalSection(SolutionProperties) = preSolution
		HideSolutionNode = FALSE
	EndGlobalSection
	GlobalSection(ExtensibilityGlobals) = postSolution
		SolutionGuid = {3ABCDAFD-6F43-4689-8CD3-7C1C4C28FF2A}
	EndGlobalSection
EndGlobal
